// !$*UTF8*$!
{
	archiveVersion = 1;
	classes = {
	};
	objectVersion = 56;
	objects = {

/* Begin PBXBuildFile section */
		3D13DA5129DE18B60064D0CE /* WorkOutVC.swift in Sources */ = {isa = PBXBuildFile; fileRef = 3D13DA4F29DE18B60064D0CE /* WorkOutVC.swift */; };
		3D13DA5229DE18B60064D0CE /* WorkOutVC.xib in Resources */ = {isa = PBXBuildFile; fileRef = 3D13DA5029DE18B60064D0CE /* WorkOutVC.xib */; };
		3D13DA5429DE244E0064D0CE /* Response.swift in Sources */ = {isa = PBXBuildFile; fileRef = 3D13DA5329DE244E0064D0CE /* Response.swift */; };
		3D13DA5629DE27E40064D0CE /* Constants.swift in Sources */ = {isa = PBXBuildFile; fileRef = 3D13DA5529DE27E40064D0CE /* Constants.swift */; };
		3D13DA5929DEE7770064D0CE /* WorkOutCell.swift in Sources */ = {isa = PBXBuildFile; fileRef = 3D13DA5729DEE7770064D0CE /* WorkOutCell.swift */; };
		3D13DA5A29DEE7770064D0CE /* WorkOutCell.xib in Resources */ = {isa = PBXBuildFile; fileRef = 3D13DA5829DEE7770064D0CE /* WorkOutCell.xib */; };
		3D13DA5C29DF29140064D0CE /* UiImageExtention.swift in Sources */ = {isa = PBXBuildFile; fileRef = 3D13DA5B29DF29140064D0CE /* UiImageExtention.swift */; };
		3D7432BD29DFFCA30043EA0B /* 114400-level-up-animation.json in Resources */ = {isa = PBXBuildFile; fileRef = 3D7432BC29DFFCA30043EA0B /* 114400-level-up-animation.json */; };
		3DD490B129DDFCCA00B8E0D3 /* AppDelegate.swift in Sources */ = {isa = PBXBuildFile; fileRef = 3DD490B029DDFCCA00B8E0D3 /* AppDelegate.swift */; };
		3DD490BA29DDFCCC00B8E0D3 /* Assets.xcassets in Resources */ = {isa = PBXBuildFile; fileRef = 3DD490B929DDFCCC00B8E0D3 /* Assets.xcassets */; };
		3DD490BD29DDFCCC00B8E0D3 /* LaunchScreen.storyboard in Resources */ = {isa = PBXBuildFile; fileRef = 3DD490BB29DDFCCC00B8E0D3 /* LaunchScreen.storyboard */; };
		3DD490C629DDFD5B00B8E0D3 /* BodyPartVC.swift in Sources */ = {isa = PBXBuildFile; fileRef = 3DD490C429DDFD5B00B8E0D3 /* BodyPartVC.swift */; };
		3DD490C729DDFD5B00B8E0D3 /* BodyPartVC.xib in Resources */ = {isa = PBXBuildFile; fileRef = 3DD490C529DDFD5B00B8E0D3 /* BodyPartVC.xib */; };
		3DD490CA29DE00F000B8E0D3 /* AvatarVC.swift in Sources */ = {isa = PBXBuildFile; fileRef = 3DD490C829DE00F000B8E0D3 /* AvatarVC.swift */; };
		3DD490CB29DE00F000B8E0D3 /* AvatarVC.xib in Resources */ = {isa = PBXBuildFile; fileRef = 3DD490C929DE00F000B8E0D3 /* AvatarVC.xib */; };
		3DD490D129DE077200B8E0D3 /* BodyPartCell.swift in Sources */ = {isa = PBXBuildFile; fileRef = 3DD490CF29DE077200B8E0D3 /* BodyPartCell.swift */; };
		3DD490D229DE077200B8E0D3 /* BodyPartCell.xib in Resources */ = {isa = PBXBuildFile; fileRef = 3DD490D029DE077200B8E0D3 /* BodyPartCell.xib */; };
		3DEF70B429DF91F500EB2C69 /* WorkOutDetailVC.swift in Sources */ = {isa = PBXBuildFile; fileRef = 3DEF70B229DF91F500EB2C69 /* WorkOutDetailVC.swift */; };
		3DEF70B529DF91F500EB2C69 /* WorkOutDetailVC.xib in Resources */ = {isa = PBXBuildFile; fileRef = 3DEF70B329DF91F500EB2C69 /* WorkOutDetailVC.xib */; };
		3DF62DC629DE0EEE00CFE8BA /* Model.swift in Sources */ = {isa = PBXBuildFile; fileRef = 3DF62DC529DE0EEE00CFE8BA /* Model.swift */; };
		3DF97F6729E01A9700DD4035 /* ProgressTraker.swift in Sources */ = {isa = PBXBuildFile; fileRef = 3DF97F6629E01A9700DD4035 /* ProgressTraker.swift */; };
		BF385D810F501620CA1A822E /* Pods_fitnessApp.framework in Frameworks */ = {isa = PBXBuildFile; fileRef = 83FE64B72476110BCC1239C1 /* Pods_fitnessApp.framework */; };
/* End PBXBuildFile section */

/* Begin PBXFileReference section */
		3D13DA4F29DE18B60064D0CE /* WorkOutVC.swift */ = {isa = PBXFileReference; lastKnownFileType = sourcecode.swift; path = WorkOutVC.swift; sourceTree = "<group>"; };
		3D13DA5029DE18B60064D0CE /* WorkOutVC.xib */ = {isa = PBXFileReference; lastKnownFileType = file.xib; path = WorkOutVC.xib; sourceTree = "<group>"; };
		3D13DA5329DE244E0064D0CE /* Response.swift */ = {isa = PBXFileReference; lastKnownFileType = sourcecode.swift; path = Response.swift; sourceTree = "<group>"; };
		3D13DA5529DE27E40064D0CE /* Constants.swift */ = {isa = PBXFileReference; lastKnownFileType = sourcecode.swift; path = Constants.swift; sourceTree = "<group>"; };
		3D13DA5729DEE7770064D0CE /* WorkOutCell.swift */ = {isa = PBXFileReference; lastKnownFileType = sourcecode.swift; path = WorkOutCell.swift; sourceTree = "<group>"; };
		3D13DA5829DEE7770064D0CE /* WorkOutCell.xib */ = {isa = PBXFileReference; lastKnownFileType = file.xib; path = WorkOutCell.xib; sourceTree = "<group>"; };
		3D13DA5B29DF29140064D0CE /* UiImageExtention.swift */ = {isa = PBXFileReference; lastKnownFileType = sourcecode.swift; path = UiImageExtention.swift; sourceTree = "<group>"; };
		3D7432BC29DFFCA30043EA0B /* 114400-level-up-animation.json */ = {isa = PBXFileReference; fileEncoding = 4; lastKnownFileType = text.json; path = "114400-level-up-animation.json"; sourceTree = "<group>"; };
		3DD490AD29DDFCCA00B8E0D3 /* fitnessApp.app */ = {isa = PBXFileReference; explicitFileType = wrapper.application; includeInIndex = 0; path = fitnessApp.app; sourceTree = BUILT_PRODUCTS_DIR; };
		3DD490B029DDFCCA00B8E0D3 /* AppDelegate.swift */ = {isa = PBXFileReference; lastKnownFileType = sourcecode.swift; path = AppDelegate.swift; sourceTree = "<group>"; };
		3DD490B929DDFCCC00B8E0D3 /* Assets.xcassets */ = {isa = PBXFileReference; lastKnownFileType = folder.assetcatalog; path = Assets.xcassets; sourceTree = "<group>"; };
		3DD490BC29DDFCCC00B8E0D3 /* Base */ = {isa = PBXFileReference; lastKnownFileType = file.storyboard; name = Base; path = Base.lproj/LaunchScreen.storyboard; sourceTree = "<group>"; };
		3DD490BE29DDFCCC00B8E0D3 /* Info.plist */ = {isa = PBXFileReference; lastKnownFileType = text.plist.xml; path = Info.plist; sourceTree = "<group>"; };
		3DD490C429DDFD5B00B8E0D3 /* BodyPartVC.swift */ = {isa = PBXFileReference; lastKnownFileType = sourcecode.swift; path = BodyPartVC.swift; sourceTree = "<group>"; };
		3DD490C529DDFD5B00B8E0D3 /* BodyPartVC.xib */ = {isa = PBXFileReference; lastKnownFileType = file.xib; path = BodyPartVC.xib; sourceTree = "<group>"; };
		3DD490C829DE00F000B8E0D3 /* AvatarVC.swift */ = {isa = PBXFileReference; lastKnownFileType = sourcecode.swift; path = AvatarVC.swift; sourceTree = "<group>"; };
		3DD490C929DE00F000B8E0D3 /* AvatarVC.xib */ = {isa = PBXFileReference; lastKnownFileType = file.xib; path = AvatarVC.xib; sourceTree = "<group>"; };
		3DD490CF29DE077200B8E0D3 /* BodyPartCell.swift */ = {isa = PBXFileReference; lastKnownFileType = sourcecode.swift; path = BodyPartCell.swift; sourceTree = "<group>"; };
		3DD490D029DE077200B8E0D3 /* BodyPartCell.xib */ = {isa = PBXFileReference; lastKnownFileType = file.xib; path = BodyPartCell.xib; sourceTree = "<group>"; };
		3DEF70B229DF91F500EB2C69 /* WorkOutDetailVC.swift */ = {isa = PBXFileReference; lastKnownFileType = sourcecode.swift; path = WorkOutDetailVC.swift; sourceTree = "<group>"; };
		3DEF70B329DF91F500EB2C69 /* WorkOutDetailVC.xib */ = {isa = PBXFileReference; lastKnownFileType = file.xib; path = WorkOutDetailVC.xib; sourceTree = "<group>"; };
		3DF62DC529DE0EEE00CFE8BA /* Model.swift */ = {isa = PBXFileReference; lastKnownFileType = sourcecode.swift; path = Model.swift; sourceTree = "<group>"; };
		3DF97F6629E01A9700DD4035 /* ProgressTraker.swift */ = {isa = PBXFileReference; lastKnownFileType = sourcecode.swift; path = ProgressTraker.swift; sourceTree = "<group>"; };
		83FE64B72476110BCC1239C1 /* Pods_fitnessApp.framework */ = {isa = PBXFileReference; explicitFileType = wrapper.framework; includeInIndex = 0; path = Pods_fitnessApp.framework; sourceTree = BUILT_PRODUCTS_DIR; };
		87B658C61257694EE4B693CF /* Pods-fitnessApp.release.xcconfig */ = {isa = PBXFileReference; includeInIndex = 1; lastKnownFileType = text.xcconfig; name = "Pods-fitnessApp.release.xcconfig"; path = "Target Support Files/Pods-fitnessApp/Pods-fitnessApp.release.xcconfig"; sourceTree = "<group>"; };
		BB05D4061FA4F95F53BA0E6D /* Pods-fitnessApp.debug.xcconfig */ = {isa = PBXFileReference; includeInIndex = 1; lastKnownFileType = text.xcconfig; name = "Pods-fitnessApp.debug.xcconfig"; path = "Target Support Files/Pods-fitnessApp/Pods-fitnessApp.debug.xcconfig"; sourceTree = "<group>"; };
/* End PBXFileReference section */

/* Begin PBXFrameworksBuildPhase section */
		3DD490AA29DDFCCA00B8E0D3 /* Frameworks */ = {
			isa = PBXFrameworksBuildPhase;
			buildActionMask = 2147483647;
			files = (
				BF385D810F501620CA1A822E /* Pods_fitnessApp.framework in Frameworks */,
			);
			runOnlyForDeploymentPostprocessing = 0;
		};
/* End PBXFrameworksBuildPhase section */

/* Begin PBXGroup section */
		3D7432BE29DFFCB10043EA0B /* Animations */ = {
			isa = PBXGroup;
			children = (
				3D7432BC29DFFCA30043EA0B /* 114400-level-up-animation.json */,
			);
			name = Animations;
			sourceTree = "<group>";
		};
		3D7432BF29DFFCC60043EA0B /* Extentions */ = {
			isa = PBXGroup;
			children = (
				3D13DA5B29DF29140064D0CE /* UiImageExtention.swift */,
			);
			path = Extentions;
			sourceTree = "<group>";
		};
		3DD490A429DDFCCA00B8E0D3 = {
			isa = PBXGroup;
			children = (
				3DD490AF29DDFCCA00B8E0D3 /* fitnessApp */,
				3DD490AE29DDFCCA00B8E0D3 /* Products */,
				B92B088920581492C759DC27 /* Pods */,
				F9DC10E7F14E7572578E92D0 /* Frameworks */,
			);
			sourceTree = "<group>";
		};
		3DD490AE29DDFCCA00B8E0D3 /* Products */ = {
			isa = PBXGroup;
			children = (
				3DD490AD29DDFCCA00B8E0D3 /* fitnessApp.app */,
			);
			name = Products;
			sourceTree = "<group>";
		};
		3DD490AF29DDFCCA00B8E0D3 /* fitnessApp */ = {
			isa = PBXGroup;
			children = (
				3DD490CE29DE04DC00B8E0D3 /* Helpers */,
				3DF62DC729DE0F1200CFE8BA /* Model */,
				3DD490CD29DE04C700B8E0D3 /* Views */,
				3DD490CC29DE04BA00B8E0D3 /* Controllers */,
				3DD490BE29DDFCCC00B8E0D3 /* Info.plist */,
			);
			path = fitnessApp;
			sourceTree = "<group>";
		};
		3DD490CC29DE04BA00B8E0D3 /* Controllers */ = {
			isa = PBXGroup;
			children = (
				3DD490C429DDFD5B00B8E0D3 /* BodyPartVC.swift */,
				3D13DA4F29DE18B60064D0CE /* WorkOutVC.swift */,
				3DEF70B229DF91F500EB2C69 /* WorkOutDetailVC.swift */,
				3DD490C829DE00F000B8E0D3 /* AvatarVC.swift */,
				3DD490CF29DE077200B8E0D3 /* BodyPartCell.swift */,
				3D13DA5729DEE7770064D0CE /* WorkOutCell.swift */,
			);
			path = Controllers;
			sourceTree = "<group>";
		};
		3DD490CD29DE04C700B8E0D3 /* Views */ = {
			isa = PBXGroup;
			children = (
				3DD490C529DDFD5B00B8E0D3 /* BodyPartVC.xib */,
				3D13DA5029DE18B60064D0CE /* WorkOutVC.xib */,
				3DEF70B329DF91F500EB2C69 /* WorkOutDetailVC.xib */,
				3DD490C929DE00F000B8E0D3 /* AvatarVC.xib */,
				3DD490D029DE077200B8E0D3 /* BodyPartCell.xib */,
				3D13DA5829DEE7770064D0CE /* WorkOutCell.xib */,
			);
			path = Views;
			sourceTree = "<group>";
		};
		3DD490CE29DE04DC00B8E0D3 /* Helpers */ = {
			isa = PBXGroup;
			children = (
				3DD490B929DDFCCC00B8E0D3 /* Assets.xcassets */,
				3DD490BB29DDFCCC00B8E0D3 /* LaunchScreen.storyboard */,
				3DD490B029DDFCCA00B8E0D3 /* AppDelegate.swift */,
				3D13DA5529DE27E40064D0CE /* Constants.swift */,
				3D7432BF29DFFCC60043EA0B /* Extentions */,
				3D7432BE29DFFCB10043EA0B /* Animations */,
			);
			name = Helpers;
			sourceTree = "<group>";
		};
		3DF62DC729DE0F1200CFE8BA /* Model */ = {
			isa = PBXGroup;
			children = (
				3DF97F6629E01A9700DD4035 /* ProgressTraker.swift */,
				3DF62DC529DE0EEE00CFE8BA /* Model.swift */,
				3D13DA5329DE244E0064D0CE /* Response.swift */,
			);
			path = Model;
			sourceTree = "<group>";
		};
		B92B088920581492C759DC27 /* Pods */ = {
			isa = PBXGroup;
			children = (
				BB05D4061FA4F95F53BA0E6D /* Pods-fitnessApp.debug.xcconfig */,
				87B658C61257694EE4B693CF /* Pods-fitnessApp.release.xcconfig */,
			);
			path = Pods;
			sourceTree = "<group>";
		};
		F9DC10E7F14E7572578E92D0 /* Frameworks */ = {
			isa = PBXGroup;
			children = (
				83FE64B72476110BCC1239C1 /* Pods_fitnessApp.framework */,
			);
			name = Frameworks;
			sourceTree = "<group>";
		};
/* End PBXGroup section */

/* Begin PBXNativeTarget section */
		3DD490AC29DDFCCA00B8E0D3 /* fitnessApp */ = {
			isa = PBXNativeTarget;
			buildConfigurationList = 3DD490C129DDFCCC00B8E0D3 /* Build configuration list for PBXNativeTarget "fitnessApp" */;
			buildPhases = (
				3C251F7E7DEAE35D28935C0A /* [CP] Check Pods Manifest.lock */,
				3DD490A929DDFCCA00B8E0D3 /* Sources */,
				3DD490AA29DDFCCA00B8E0D3 /* Frameworks */,
				3DD490AB29DDFCCA00B8E0D3 /* Resources */,
				7B54E31C9B9AD8AEADE114FB /* [CP] Embed Pods Frameworks */,
			);
			buildRules = (
			);
			dependencies = (
			);
			name = fitnessApp;
			productName = fitnessApp;
			productReference = 3DD490AD29DDFCCA00B8E0D3 /* fitnessApp.app */;
			productType = "com.apple.product-type.application";
		};
/* End PBXNativeTarget section */

/* Begin PBXProject section */
		3DD490A529DDFCCA00B8E0D3 /* Project object */ = {
			isa = PBXProject;
			attributes = {
				BuildIndependentTargetsInParallel = 1;
				LastSwiftUpdateCheck = 1420;
				LastUpgradeCheck = 1420;
				TargetAttributes = {
					3DD490AC29DDFCCA00B8E0D3 = {
						CreatedOnToolsVersion = 14.2;
					};
				};
			};
			buildConfigurationList = 3DD490A829DDFCCA00B8E0D3 /* Build configuration list for PBXProject "fitnessApp" */;
			compatibilityVersion = "Xcode 14.0";
			developmentRegion = en;
			hasScannedForEncodings = 0;
			knownRegions = (
				en,
				Base,
			);
			mainGroup = 3DD490A429DDFCCA00B8E0D3;
			productRefGroup = 3DD490AE29DDFCCA00B8E0D3 /* Products */;
			projectDirPath = "";
			projectRoot = "";
			targets = (
				3DD490AC29DDFCCA00B8E0D3 /* fitnessApp */,
			);
		};
/* End PBXProject section */

/* Begin PBXResourcesBuildPhase section */
		3DD490AB29DDFCCA00B8E0D3 /* Resources */ = {
			isa = PBXResourcesBuildPhase;
			buildActionMask = 2147483647;
			files = (
				3D7432BD29DFFCA30043EA0B /* 114400-level-up-animation.json in Resources */,
				3DD490BD29DDFCCC00B8E0D3 /* LaunchScreen.storyboard in Resources */,
				3DD490CB29DE00F000B8E0D3 /* AvatarVC.xib in Resources */,
				3D13DA5229DE18B60064D0CE /* WorkOutVC.xib in Resources */,
				3DEF70B529DF91F500EB2C69 /* WorkOutDetailVC.xib in Resources */,
				3DD490C729DDFD5B00B8E0D3 /* BodyPartVC.xib in Resources */,
				3D13DA5A29DEE7770064D0CE /* WorkOutCell.xib in Resources */,
				3DD490BA29DDFCCC00B8E0D3 /* Assets.xcassets in Resources */,
				3DD490D229DE077200B8E0D3 /* BodyPartCell.xib in Resources */,
			);
			runOnlyForDeploymentPostprocessing = 0;
		};
/* End PBXResourcesBuildPhase section */

/* Begin PBXShellScriptBuildPhase section */
		3C251F7E7DEAE35D28935C0A /* [CP] Check Pods Manifest.lock */ = {
			isa = PBXShellScriptBuildPhase;
			buildActionMask = 2147483647;
			files = (
			);
			inputFileListPaths = (
			);
			inputPaths = (
				"${PODS_PODFILE_DIR_PATH}/Podfile.lock",
				"${PODS_ROOT}/Manifest.lock",
			);
			name = "[CP] Check Pods Manifest.lock";
			outputFileListPaths = (
			);
			outputPaths = (
				"$(DERIVED_FILE_DIR)/Pods-fitnessApp-checkManifestLockResult.txt",
			);
			runOnlyForDeploymentPostprocessing = 0;
			shellPath = /bin/sh;
			shellScript = "diff \"${PODS_PODFILE_DIR_PATH}/Podfile.lock\" \"${PODS_ROOT}/Manifest.lock\" > /dev/null\nif [ $? != 0 ] ; then\n    # print error to STDERR\n    echo \"error: The sandbox is not in sync with the Podfile.lock. Run 'pod install' or update your CocoaPods installation.\" >&2\n    exit 1\nfi\n# This output is used by Xcode 'outputs' to avoid re-running this script phase.\necho \"SUCCESS\" > \"${SCRIPT_OUTPUT_FILE_0}\"\n";
			showEnvVarsInLog = 0;
		};
		7B54E31C9B9AD8AEADE114FB /* [CP] Embed Pods Frameworks */ = {
			isa = PBXShellScriptBuildPhase;
			buildActionMask = 2147483647;
			files = (
			);
			inputFileListPaths = (
				"${PODS_ROOT}/Target Support Files/Pods-fitnessApp/Pods-fitnessApp-frameworks-${CONFIGURATION}-input-files.xcfilelist",
			);
			name = "[CP] Embed Pods Frameworks";
			outputFileListPaths = (
				"${PODS_ROOT}/Target Support Files/Pods-fitnessApp/Pods-fitnessApp-frameworks-${CONFIGURATION}-output-files.xcfilelist",
			);
			runOnlyForDeploymentPostprocessing = 0;
			shellPath = /bin/sh;
			shellScript = "\"${PODS_ROOT}/Target Support Files/Pods-fitnessApp/Pods-fitnessApp-frameworks.sh\"\n";
			showEnvVarsInLog = 0;
		};
/* End PBXShellScriptBuildPhase section */

/* Begin PBXSourcesBuildPhase section */
		3DD490A929DDFCCA00B8E0D3 /* Sources */ = {
			isa = PBXSourcesBuildPhase;
			buildActionMask = 2147483647;
			files = (
				3D13DA5129DE18B60064D0CE /* WorkOutVC.swift in Sources */,
				3DF62DC629DE0EEE00CFE8BA /* Model.swift in Sources */,
				3DD490B129DDFCCA00B8E0D3 /* AppDelegate.swift in Sources */,
				3DEF70B429DF91F500EB2C69 /* WorkOutDetailVC.swift in Sources */,
				3DD490CA29DE00F000B8E0D3 /* AvatarVC.swift in Sources */,
				3DD490D129DE077200B8E0D3 /* BodyPartCell.swift in Sources */,
				3DD490C629DDFD5B00B8E0D3 /* BodyPartVC.swift in Sources */,
				3D13DA5429DE244E0064D0CE /* Response.swift in Sources */,
				3D13DA5929DEE7770064D0CE /* WorkOutCell.swift in Sources */,
				3DF97F6729E01A9700DD4035 /* ProgressTraker.swift in Sources */,
				3D13DA5C29DF29140064D0CE /* UiImageExtention.swift in Sources */,
				3D13DA5629DE27E40064D0CE /* Constants.swift in Sources */,
			);
			runOnlyForDeploymentPostprocessing = 0;
		};
/* End PBXSourcesBuildPhase section */

/* Begin PBXVariantGroup section */
		3DD490BB29DDFCCC00B8E0D3 /* LaunchScreen.storyboard */ = {
			isa = PBXVariantGroup;
			children = (
				3DD490BC29DDFCCC00B8E0D3 /* Base */,
			);
			name = LaunchScreen.storyboard;
			sourceTree = "<group>";
		};
/* End PBXVariantGroup section */

/* Begin XCBuildConfiguration section */
		3DD490BF29DDFCCC00B8E0D3 /* Debug */ = {
			isa = XCBuildConfiguration;
			buildSettings = {
				ALWAYS_SEARCH_USER_PATHS = NO;
				CLANG_ANALYZER_NONNULL = YES;
				CLANG_ANALYZER_NUMBER_OBJECT_CONVERSION = YES_AGGRESSIVE;
				CLANG_CXX_LANGUAGE_STANDARD = "gnu++20";
				CLANG_ENABLE_MODULES = YES;
				CLANG_ENABLE_OBJC_ARC = YES;
				CLANG_ENABLE_OBJC_WEAK = YES;
				CLANG_WARN_BLOCK_CAPTURE_AUTORELEASING = YES;
				CLANG_WARN_BOOL_CONVERSION = YES;
				CLANG_WARN_COMMA = YES;
				CLANG_WARN_CONSTANT_CONVERSION = YES;
				CLANG_WARN_DEPRECATED_OBJC_IMPLEMENTATIONS = YES;
				CLANG_WARN_DIRECT_OBJC_ISA_USAGE = YES_ERROR;
				CLANG_WARN_DOCUMENTATION_COMMENTS = YES;
				CLANG_WARN_EMPTY_BODY = YES;
				CLANG_WARN_ENUM_CONVERSION = YES;
				CLANG_WARN_INFINITE_RECURSION = YES;
				CLANG_WARN_INT_CONVERSION = YES;
				CLANG_WARN_NON_LITERAL_NULL_CONVERSION = YES;
				CLANG_WARN_OBJC_IMPLICIT_RETAIN_SELF = YES;
				CLANG_WARN_OBJC_LITERAL_CONVERSION = YES;
				CLANG_WARN_OBJC_ROOT_CLASS = YES_ERROR;
				CLANG_WARN_QUOTED_INCLUDE_IN_FRAMEWORK_HEADER = YES;
				CLANG_WARN_RANGE_LOOP_ANALYSIS = YES;
				CLANG_WARN_STRICT_PROTOTYPES = YES;
				CLANG_WARN_SUSPICIOUS_MOVE = YES;
				CLANG_WARN_UNGUARDED_AVAILABILITY = YES_AGGRESSIVE;
				CLANG_WARN_UNREACHABLE_CODE = YES;
				CLANG_WARN__DUPLICATE_METHOD_MATCH = YES;
				COPY_PHASE_STRIP = NO;
				DEBUG_INFORMATION_FORMAT = dwarf;
				ENABLE_STRICT_OBJC_MSGSEND = YES;
				ENABLE_TESTABILITY = YES;
				GCC_C_LANGUAGE_STANDARD = gnu11;
				GCC_DYNAMIC_NO_PIC = NO;
				GCC_NO_COMMON_BLOCKS = YES;
				GCC_OPTIMIZATION_LEVEL = 0;
				GCC_PREPROCESSOR_DEFINITIONS = (
					"DEBUG=1",
					"$(inherited)",
				);
				GCC_WARN_64_TO_32_BIT_CONVERSION = YES;
				GCC_WARN_ABOUT_RETURN_TYPE = YES_ERROR;
				GCC_WARN_UNDECLARED_SELECTOR = YES;
				GCC_WARN_UNINITIALIZED_AUTOS = YES_AGGRESSIVE;
				GCC_WARN_UNUSED_FUNCTION = YES;
				GCC_WARN_UNUSED_VARIABLE = YES;
				IPHONEOS_DEPLOYMENT_TARGET = 16.2;
				MTL_ENABLE_DEBUG_INFO = INCLUDE_SOURCE;
				MTL_FAST_MATH = YES;
				ONLY_ACTIVE_ARCH = YES;
				SDKROOT = iphoneos;
				SWIFT_ACTIVE_COMPILATION_CONDITIONS = DEBUG;
				SWIFT_OPTIMIZATION_LEVEL = "-Onone";
			};
			name = Debug;
		};
		3DD490C029DDFCCC00B8E0D3 /* Release */ = {
			isa = XCBuildConfiguration;
			buildSettings = {
				ALWAYS_SEARCH_USER_PATHS = NO;
				CLANG_ANALYZER_NONNULL = YES;
				CLANG_ANALYZER_NUMBER_OBJECT_CONVERSION = YES_AGGRESSIVE;
				CLANG_CXX_LANGUAGE_STANDARD = "gnu++20";
				CLANG_ENABLE_MODULES = YES;
				CLANG_ENABLE_OBJC_ARC = YES;
				CLANG_ENABLE_OBJC_WEAK = YES;
				CLANG_WARN_BLOCK_CAPTURE_AUTORELEASING = YES;
				CLANG_WARN_BOOL_CONVERSION = YES;
				CLANG_WARN_COMMA = YES;
				CLANG_WARN_CONSTANT_CONVERSION = YES;
				CLANG_WARN_DEPRECATED_OBJC_IMPLEMENTATIONS = YES;
				CLANG_WARN_DIRECT_OBJC_ISA_USAGE = YES_ERROR;
				CLANG_WARN_DOCUMENTATION_COMMENTS = YES;
				CLANG_WARN_EMPTY_BODY = YES;
				CLANG_WARN_ENUM_CONVERSION = YES;
				CLANG_WARN_INFINITE_RECURSION = YES;
				CLANG_WARN_INT_CONVERSION = YES;
				CLANG_WARN_NON_LITERAL_NULL_CONVERSION = YES;
				CLANG_WARN_OBJC_IMPLICIT_RETAIN_SELF = YES;
				CLANG_WARN_OBJC_LITERAL_CONVERSION = YES;
				CLANG_WARN_OBJC_ROOT_CLASS = YES_ERROR;
				CLANG_WARN_QUOTED_INCLUDE_IN_FRAMEWORK_HEADER = YES;
				CLANG_WARN_RANGE_LOOP_ANALYSIS = YES;
				CLANG_WARN_STRICT_PROTOTYPES = YES;
				CLANG_WARN_SUSPICIOUS_MOVE = YES;
				CLANG_WARN_UNGUARDED_AVAILABILITY = YES_AGGRESSIVE;
				CLANG_WARN_UNREACHABLE_CODE = YES;
				CLANG_WARN__DUPLICATE_METHOD_MATCH = YES;
				COPY_PHASE_STRIP = NO;
				DEBUG_INFORMATION_FORMAT = "dwarf-with-dsym";
				ENABLE_NS_ASSERTIONS = NO;
				ENABLE_STRICT_OBJC_MSGSEND = YES;
				GCC_C_LANGUAGE_STANDARD = gnu11;
				GCC_NO_COMMON_BLOCKS = YES;
				GCC_WARN_64_TO_32_BIT_CONVERSION = YES;
				GCC_WARN_ABOUT_RETURN_TYPE = YES_ERROR;
				GCC_WARN_UNDECLARED_SELECTOR = YES;
				GCC_WARN_UNINITIALIZED_AUTOS = YES_AGGRESSIVE;
				GCC_WARN_UNUSED_FUNCTION = YES;
				GCC_WARN_UNUSED_VARIABLE = YES;
				IPHONEOS_DEPLOYMENT_TARGET = 16.2;
				MTL_ENABLE_DEBUG_INFO = NO;
				MTL_FAST_MATH = YES;
				SDKROOT = iphoneos;
				SWIFT_COMPILATION_MODE = wholemodule;
				SWIFT_OPTIMIZATION_LEVEL = "-O";
				VALIDATE_PRODUCT = YES;
			};
			name = Release;
		};
		3DD490C229DDFCCC00B8E0D3 /* Debug */ = {
			isa = XCBuildConfiguration;
			baseConfigurationReference = BB05D4061FA4F95F53BA0E6D /* Pods-fitnessApp.debug.xcconfig */;
			buildSettings = {
				ASSETCATALOG_COMPILER_APPICON_NAME = AppIcon;
				ASSETCATALOG_COMPILER_GLOBAL_ACCENT_COLOR_NAME = AccentColor;
				CODE_SIGN_STYLE = Automatic;
				CURRENT_PROJECT_VERSION = 1;
				DEVELOPMENT_TEAM = 7W6F238426;
				GENERATE_INFOPLIST_FILE = YES;
				INFOPLIST_FILE = fitnessApp/Info.plist;
				INFOPLIST_KEY_UIApplicationSupportsIndirectInputEvents = YES;
				INFOPLIST_KEY_UILaunchStoryboardName = LaunchScreen;
				INFOPLIST_KEY_UIMainStoryboardFile = "";
				INFOPLIST_KEY_UISupportedInterfaceOrientations_iPad = "UIInterfaceOrientationPortrait UIInterfaceOrientationPortraitUpsideDown UIInterfaceOrientationLandscapeLeft UIInterfaceOrientationLandscapeRight";
				INFOPLIST_KEY_UISupportedInterfaceOrientations_iPhone = "UIInterfaceOrientationPortrait UIInterfaceOrientationLandscapeLeft UIInterfaceOrientationLandscapeRight";
				LD_RUNPATH_SEARCH_PATHS = (
					"$(inherited)",
					"@executable_path/Frameworks",
				);
				MARKETING_VERSION = 1.0;
				PRODUCT_BUNDLE_IDENTIFIER = myCompany.fitnessApp;
				PRODUCT_NAME = "$(TARGET_NAME)";
				SWIFT_EMIT_LOC_STRINGS = YES;
				SWIFT_VERSION = 5.0;
				TARGETED_DEVICE_FAMILY = "1,2";
			};
			name = Debug;
		};
		3DD490C329DDFCCC00B8E0D3 /* Release */ = {
			isa = XCBuildConfiguration;
			baseConfigurationReference = 87B658C61257694EE4B693CF /* Pods-fitnessApp.release.xcconfig */;
			buildSettings = {
				ASSETCATALOG_COMPILER_APPICON_NAME = AppIcon;
				ASSETCATALOG_COMPILER_GLOBAL_ACCENT_COLOR_NAME = AccentColor;
				CODE_SIGN_STYLE = Automatic;
				CURRENT_PROJECT_VERSION = 1;
				DEVELOPMENT_TEAM = 7W6F238426;
				GENERATE_INFOPLIST_FILE = YES;
				INFOPLIST_FILE = fitnessApp/Info.plist;
				INFOPLIST_KEY_UIApplicationSupportsIndirectInputEvents = YES;
				INFOPLIST_KEY_UILaunchStoryboardName = LaunchScreen;
				INFOPLIST_KEY_UIMainStoryboardFile = "";
				INFOPLIST_KEY_UISupportedInterfaceOrientations_iPad = "UIInterfaceOrientationPortrait UIInterfaceOrientationPortraitUpsideDown UIInterfaceOrientationLandscapeLeft UIInterfaceOrientationLandscapeRight";
				INFOPLIST_KEY_UISupportedInterfaceOrientations_iPhone = "UIInterfaceOrientationPortrait UIInterfaceOrientationLandscapeLeft UIInterfaceOrientationLandscapeRight";
				LD_RUNPATH_SEARCH_PATHS = (
					"$(inherited)",
					"@executable_path/Frameworks",
				);
				MARKETING_VERSION = 1.0;
				PRODUCT_BUNDLE_IDENTIFIER = myCompany.fitnessApp;
				PRODUCT_NAME = "$(TARGET_NAME)";
				SWIFT_EMIT_LOC_STRINGS = YES;
				SWIFT_VERSION = 5.0;
				TARGETED_DEVICE_FAMILY = "1,2";
			};
			name = Release;
		};
/* End XCBuildConfiguration section */

/* Begin XCConfigurationList section */
		3DD490A829DDFCCA00B8E0D3 /* Build configuration list for PBXProject "fitnessApp" */ = {
			isa = XCConfigurationList;
			buildConfigurations = (
				3DD490BF29DDFCCC00B8E0D3 /* Debug */,
				3DD490C029DDFCCC00B8E0D3 /* Release */,
			);
			defaultConfigurationIsVisible = 0;
			defaultConfigurationName = Release;
		};
		3DD490C129DDFCCC00B8E0D3 /* Build configuration list for PBXNativeTarget "fitnessApp" */ = {
			isa = XCConfigurationList;
			buildConfigurations = (
				3DD490C229DDFCCC00B8E0D3 /* Debug */,
				3DD490C329DDFCCC00B8E0D3 /* Release */,
			);
			defaultConfigurationIsVisible = 0;
			defaultConfigurationName = Release;
		};
/* End XCConfigurationList section */
	};
	rootObject = 3DD490A529DDFCCA00B8E0D3 /* Project object */;
}
